
Microsoft Visual Studio Solution File, Format Version 12.00
# Visual Studio 2013
VisualStudioVersion = 12.0.21005.1
MinimumVisualStudioVersion = 10.0.40219.1
Project("{FAE04EC0-301F-11D3-BF4B-00C04F79EFBC}") = "COMMON", "COMMON\COMMON.csproj", "{350C070A-1A1D-4C99-B8B8-AA3167F1CAB6}"
EndProject
Project("{FAE04EC0-301F-11D3-BF4B-00C04F79EFBC}") = "DataAccess", "DataAccess\DataAccess.csproj", "{A13A0FD3-BC8C-4B72-9E63-8713346655EF}"
EndProject
Project("{FAE04EC0-301F-11D3-BF4B-00C04F79EFBC}") = "NPOI.Extension", "NPOI.Extension\NPOI.Extension.csproj", "{9B29434A-B984-431A-9B32-FFB65878CA0D}"
EndProject
Project("{FAE04EC0-301F-11D3-BF4B-00C04F79EFBC}") = "OrclDataAccess", "OrclDataAccess\OrclDataAccess.csproj", "{7B5C3623-882C-4034-BD26-AA8AA58ED305}"
EndProject
Project("{2150E333-8FDC-42A3-9474-1A3956D46DE8}") = "Core", "Core", "{7E8929F3-D4CC-44DB-B702-A0204A67CA5D}"
EndProject
Project("{2150E333-8FDC-42A3-9474-1A3956D46DE8}") = "DB.Access", "DB.Access", "{4C5CC4A7-589D-4ADF-B23B-35DCA39C4AF3}"
EndProject
Project("{2150E333-8FDC-42A3-9474-1A3956D46DE8}") = "Ext", "Ext", "{CF95FDD1-9708-4129-8172-18E5ED019118}"
EndProject
Project("{FAE04EC0-301F-11D3-BF4B-00C04F79EFBC}") = "Ext.Extension", "Ext.Extension\Ext.Extension.csproj", "{65759E57-6C85-4F00-A84D-E7E369AFC7E3}"
EndProject
Project("{FAE04EC0-301F-11D3-BF4B-00C04F79EFBC}") = "SQLiteDataAccess", "SQLiteDataAccess\SQLiteDataAccess.csproj", "{0037E808-C751-404A-9B85-B71A53E6B616}"
EndProject
Project("{2150E333-8FDC-42A3-9474-1A3956D46DE8}") = "NPOI", "NPOI", "{0506B020-4B94-4BFD-AD55-C8EC3672CEEE}"
EndProject
Project("{2150E333-8FDC-42A3-9474-1A3956D46DE8}") = "Aforge.net", "Aforge.net", "{0140578D-FF45-4D7C-8A81-269986CDC264}"
EndProject
Project("{FAE04EC0-301F-11D3-BF4B-00C04F79EFBC}") = "DevComponents.Extension", "DevComponents.Extension\DevComponents.Extension.csproj", "{71890061-CDD6-4C2F-B450-190E836AD525}"
EndProject
Project("{2150E333-8FDC-42A3-9474-1A3956D46DE8}") = "Code", "Code", "{4D3DC1E6-606D-4852-B555-491CE6923F21}"
EndProject
Project("{FAE04EC0-301F-11D3-BF4B-00C04F79EFBC}") = "QRCode", "QRCode\QRCode.csproj", "{77FBF579-3AB7-4D64-8868-6B61D8CE34DF}"
EndProject
Project("{FAE04EC0-301F-11D3-BF4B-00C04F79EFBC}") = "IDCardRead", "IDCardRead\IDCardRead.csproj", "{4E79DE04-FFEE-4856-A25E-511CA373092C}"
EndProject
Project("{FAE04EC0-301F-11D3-BF4B-00C04F79EFBC}") = "WindowsFormsApplication1", "WindowsFormsApplication1\WindowsFormsApplication1.csproj", "{984CF112-5A78-4CE6-8872-1578293E0F4C}"
EndProject
Project("{2150E333-8FDC-42A3-9474-1A3956D46DE8}") = "Tools", "Tools", "{F38175A2-4C27-456E-B317-4D95E77C4AAE}"
EndProject
Project("{FAE04EC0-301F-11D3-BF4B-00C04F79EFBC}") = "SortLogs", "SortLogs\SortLogs.csproj", "{5130052D-03CD-4E61-B8B3-BCB774FDD6E2}"
EndProject
Project("{FAE04EC0-301F-11D3-BF4B-00C04F79EFBC}") = "MySqlDataAccess", "MySqlDataAccess\MySqlDataAccess.csproj", "{8A2DD0C9-81C6-4092-9402-F19C02D40119}"
EndProject
Project("{2150E333-8FDC-42A3-9474-1A3956D46DE8}") = "Window", "Window", "{A4EEBA76-E26D-4B13-9002-2BFAFD86BBFF}"
EndProject
Project("{FAE04EC0-301F-11D3-BF4B-00C04F79EFBC}") = "JS.V8", "JS.V8\JS.V8.csproj", "{B36D1325-9E92-44D6-BBC6-7D0F1F3BD02C}"
EndProject
Project("{FAE04EC0-301F-11D3-BF4B-00C04F79EFBC}") = "JS.Javascript.NET", "JS.Javascript.NET\JS.Javascript.NET.csproj", "{1600D6BA-6CC7-4047-B7AD-A28DCD7CEE90}"
EndProject
Project("{2150E333-8FDC-42A3-9474-1A3956D46DE8}") = "JS", "JS", "{6C0E842D-2C2D-4F96-9376-9529203E8C32}"
EndProject
Project("{FAE04EC0-301F-11D3-BF4B-00C04F79EFBC}") = "WebApplication1", "WebApplication1\WebApplication1.csproj", "{78A5F2FE-8226-4E5C-AAFB-4ACA10E058C9}"
EndProject
Project("{FAE04EC0-301F-11D3-BF4B-00C04F79EFBC}") = "FastReport.Print", "FastReport.Print\FastReport.Print.csproj", "{8EF49F55-F83E-4B84-9A43-D3CFB6C449A6}"
EndProject
Project("{2150E333-8FDC-42A3-9474-1A3956D46DE8}") = "Report", "Report", "{9B0343A4-E7DF-448E-9F6C-AF4CE19BCCD1}"
EndProject
Project("{FAE04EC0-301F-11D3-BF4B-00C04F79EFBC}") = "FastReport.Net.Ex", "FastReport.Net.Ex\FastReport.Net.Ex.csproj", "{7ABE4909-BADF-4396-93BE-105DDF237EFF}"
EndProject
Project("{FAE04EC0-301F-11D3-BF4B-00C04F79EFBC}") = "ExtjsEmptyProject", "ExtjsEmptyProject\ExtjsEmptyProject.csproj", "{6EDF9D83-F887-49F0-8CF7-E75E3B88EFCD}"
EndProject
Project("{2150E333-8FDC-42A3-9474-1A3956D46DE8}") = ".nuget", ".nuget", "{2B16B79F-16DC-4E24-94E0-6C34FA16E776}"
	ProjectSection(SolutionItems) = preProject
		.nuget\packages.config = .nuget\packages.config
	EndProjectSection
EndProject
Project("{FAE04EC0-301F-11D3-BF4B-00C04F79EFBC}") = "SocketTool", "SocketTool\SocketTool.csproj", "{DFE8ACA6-ABAF-40E1-B7DC-659A5D57AD06}"
EndProject
Project("{FAE04EC0-301F-11D3-BF4B-00C04F79EFBC}") = "RSAKeyFormatConvert", "RSAKeyFormatConvert\RSAKeyFormatConvert.csproj", "{108D03DA-66B0-4CC8-8B5C-6C400B391E7D}"
EndProject
Project("{FAE04EC0-301F-11D3-BF4B-00C04F79EFBC}") = "ConsoleApplication1", "ConsoleApplication1\ConsoleApplication1.csproj", "{183DCC5F-4801-481B-8944-5D42D95ABB41}"
EndProject
Project("{FAE04EC0-301F-11D3-BF4B-00C04F79EFBC}") = "RSAKeyConvert", "RSAKeyConvert\RSAKeyConvert.csproj", "{421AF974-2BF8-4FCF-B3D0-89D7D67C1A02}"
EndProject
Global
	GlobalSection(SolutionConfigurationPlatforms) = preSolution
		Debug|Any CPU = Debug|Any CPU
		Release|Any CPU = Release|Any CPU
	EndGlobalSection
	GlobalSection(ProjectConfigurationPlatforms) = postSolution
		{350C070A-1A1D-4C99-B8B8-AA3167F1CAB6}.Debug|Any CPU.ActiveCfg = Debug|Any CPU
		{350C070A-1A1D-4C99-B8B8-AA3167F1CAB6}.Debug|Any CPU.Build.0 = Debug|Any CPU
		{350C070A-1A1D-4C99-B8B8-AA3167F1CAB6}.Release|Any CPU.ActiveCfg = Release|Any CPU
		{350C070A-1A1D-4C99-B8B8-AA3167F1CAB6}.Release|Any CPU.Build.0 = Release|Any CPU
		{A13A0FD3-BC8C-4B72-9E63-8713346655EF}.Debug|Any CPU.ActiveCfg = Debug|Any CPU
		{A13A0FD3-BC8C-4B72-9E63-8713346655EF}.Debug|Any CPU.Build.0 = Debug|Any CPU
		{A13A0FD3-BC8C-4B72-9E63-8713346655EF}.Release|Any CPU.ActiveCfg = Release|Any CPU
		{A13A0FD3-BC8C-4B72-9E63-8713346655EF}.Release|Any CPU.Build.0 = Release|Any CPU
		{9B29434A-B984-431A-9B32-FFB65878CA0D}.Debug|Any CPU.ActiveCfg = Debug|Any CPU
		{9B29434A-B984-431A-9B32-FFB65878CA0D}.Debug|Any CPU.Build.0 = Debug|Any CPU
		{9B29434A-B984-431A-9B32-FFB65878CA0D}.Release|Any CPU.ActiveCfg = Release|Any CPU
		{9B29434A-B984-431A-9B32-FFB65878CA0D}.Release|Any CPU.Build.0 = Release|Any CPU
		{7B5C3623-882C-4034-BD26-AA8AA58ED305}.Debug|Any CPU.ActiveCfg = Debug|Any CPU
		{7B5C3623-882C-4034-BD26-AA8AA58ED305}.Debug|Any CPU.Build.0 = Debug|Any CPU
		{7B5C3623-882C-4034-BD26-AA8AA58ED305}.Release|Any CPU.ActiveCfg = Release|Any CPU
		{7B5C3623-882C-4034-BD26-AA8AA58ED305}.Release|Any CPU.Build.0 = Release|Any CPU
		{65759E57-6C85-4F00-A84D-E7E369AFC7E3}.Debug|Any CPU.ActiveCfg = Debug|Any CPU
		{65759E57-6C85-4F00-A84D-E7E369AFC7E3}.Debug|Any CPU.Build.0 = Debug|Any CPU
		{65759E57-6C85-4F00-A84D-E7E369AFC7E3}.Release|Any CPU.ActiveCfg = Release|Any CPU
		{65759E57-6C85-4F00-A84D-E7E369AFC7E3}.Release|Any CPU.Build.0 = Release|Any CPU
		{0037E808-C751-404A-9B85-B71A53E6B616}.Debug|Any CPU.ActiveCfg = Debug|Any CPU
		{0037E808-C751-404A-9B85-B71A53E6B616}.Debug|Any CPU.Build.0 = Debug|Any CPU
		{0037E808-C751-404A-9B85-B71A53E6B616}.Release|Any CPU.ActiveCfg = Release|Any CPU
		{0037E808-C751-404A-9B85-B71A53E6B616}.Release|Any CPU.Build.0 = Release|Any CPU
		{71890061-CDD6-4C2F-B450-190E836AD525}.Debug|Any CPU.ActiveCfg = Debug|Any CPU
		{71890061-CDD6-4C2F-B450-190E836AD525}.Debug|Any CPU.Build.0 = Debug|Any CPU
		{71890061-CDD6-4C2F-B450-190E836AD525}.Release|Any CPU.ActiveCfg = Release|Any CPU
		{71890061-CDD6-4C2F-B450-190E836AD525}.Release|Any CPU.Build.0 = Release|Any CPU
		{77FBF579-3AB7-4D64-8868-6B61D8CE34DF}.Debug|Any CPU.ActiveCfg = Debug|Any CPU
		{77FBF579-3AB7-4D64-8868-6B61D8CE34DF}.Debug|Any CPU.Build.0 = Debug|Any CPU
		{77FBF579-3AB7-4D64-8868-6B61D8CE34DF}.Release|Any CPU.ActiveCfg = Release|Any CPU
		{77FBF579-3AB7-4D64-8868-6B61D8CE34DF}.Release|Any CPU.Build.0 = Release|Any CPU
		{4E79DE04-FFEE-4856-A25E-511CA373092C}.Debug|Any CPU.ActiveCfg = Debug|Any CPU
		{4E79DE04-FFEE-4856-A25E-511CA373092C}.Debug|Any CPU.Build.0 = Debug|Any CPU
		{4E79DE04-FFEE-4856-A25E-511CA373092C}.Release|Any CPU.ActiveCfg = Release|Any CPU
		{4E79DE04-FFEE-4856-A25E-511CA373092C}.Release|Any CPU.Build.0 = Release|Any CPU
		{984CF112-5A78-4CE6-8872-1578293E0F4C}.Debug|Any CPU.ActiveCfg = Debug|Any CPU
		{984CF112-5A78-4CE6-8872-1578293E0F4C}.Debug|Any CPU.Build.0 = Debug|Any CPU
		{984CF112-5A78-4CE6-8872-1578293E0F4C}.Release|Any CPU.ActiveCfg = Release|Any CPU
		{984CF112-5A78-4CE6-8872-1578293E0F4C}.Release|Any CPU.Build.0 = Release|Any CPU
		{5130052D-03CD-4E61-B8B3-BCB774FDD6E2}.Debug|Any CPU.ActiveCfg = Debug|Any CPU
		{5130052D-03CD-4E61-B8B3-BCB774FDD6E2}.Debug|Any CPU.Build.0 = Debug|Any CPU
		{5130052D-03CD-4E61-B8B3-BCB774FDD6E2}.Release|Any CPU.ActiveCfg = Release|Any CPU
		{5130052D-03CD-4E61-B8B3-BCB774FDD6E2}.Release|Any CPU.Build.0 = Release|Any CPU
		{8A2DD0C9-81C6-4092-9402-F19C02D40119}.Debug|Any CPU.ActiveCfg = Debug|Any CPU
		{8A2DD0C9-81C6-4092-9402-F19C02D40119}.Debug|Any CPU.Build.0 = Debug|Any CPU
		{8A2DD0C9-81C6-4092-9402-F19C02D40119}.Release|Any CPU.ActiveCfg = Release|Any CPU
		{8A2DD0C9-81C6-4092-9402-F19C02D40119}.Release|Any CPU.Build.0 = Release|Any CPU
		{B36D1325-9E92-44D6-BBC6-7D0F1F3BD02C}.Debug|Any CPU.ActiveCfg = Debug|Any CPU
		{B36D1325-9E92-44D6-BBC6-7D0F1F3BD02C}.Debug|Any CPU.Build.0 = Debug|Any CPU
		{B36D1325-9E92-44D6-BBC6-7D0F1F3BD02C}.Release|Any CPU.ActiveCfg = Release|Any CPU
		{B36D1325-9E92-44D6-BBC6-7D0F1F3BD02C}.Release|Any CPU.Build.0 = Release|Any CPU
		{1600D6BA-6CC7-4047-B7AD-A28DCD7CEE90}.Debug|Any CPU.ActiveCfg = Debug|Any CPU
		{1600D6BA-6CC7-4047-B7AD-A28DCD7CEE90}.Debug|Any CPU.Build.0 = Debug|Any CPU
		{1600D6BA-6CC7-4047-B7AD-A28DCD7CEE90}.Release|Any CPU.ActiveCfg = Release|Any CPU
		{1600D6BA-6CC7-4047-B7AD-A28DCD7CEE90}.Release|Any CPU.Build.0 = Release|Any CPU
		{78A5F2FE-8226-4E5C-AAFB-4ACA10E058C9}.Debug|Any CPU.ActiveCfg = Debug|Any CPU
		{78A5F2FE-8226-4E5C-AAFB-4ACA10E058C9}.Debug|Any CPU.Build.0 = Debug|Any CPU
		{78A5F2FE-8226-4E5C-AAFB-4ACA10E058C9}.Release|Any CPU.ActiveCfg = Release|Any CPU
		{78A5F2FE-8226-4E5C-AAFB-4ACA10E058C9}.Release|Any CPU.Build.0 = Release|Any CPU
		{8EF49F55-F83E-4B84-9A43-D3CFB6C449A6}.Debug|Any CPU.ActiveCfg = Debug|Any CPU
		{8EF49F55-F83E-4B84-9A43-D3CFB6C449A6}.Debug|Any CPU.Build.0 = Debug|Any CPU
		{8EF49F55-F83E-4B84-9A43-D3CFB6C449A6}.Release|Any CPU.ActiveCfg = Release|Any CPU
		{8EF49F55-F83E-4B84-9A43-D3CFB6C449A6}.Release|Any CPU.Build.0 = Release|Any CPU
		{7ABE4909-BADF-4396-93BE-105DDF237EFF}.Debug|Any CPU.ActiveCfg = Debug|Any CPU
		{7ABE4909-BADF-4396-93BE-105DDF237EFF}.Debug|Any CPU.Build.0 = Debug|Any CPU
		{7ABE4909-BADF-4396-93BE-105DDF237EFF}.Release|Any CPU.ActiveCfg = Release|Any CPU
		{7ABE4909-BADF-4396-93BE-105DDF237EFF}.Release|Any CPU.Build.0 = Release|Any CPU
		{6EDF9D83-F887-49F0-8CF7-E75E3B88EFCD}.Debug|Any CPU.ActiveCfg = Debug|Any CPU
		{6EDF9D83-F887-49F0-8CF7-E75E3B88EFCD}.Debug|Any CPU.Build.0 = Debug|Any CPU
		{6EDF9D83-F887-49F0-8CF7-E75E3B88EFCD}.Release|Any CPU.ActiveCfg = Release|Any CPU
		{6EDF9D83-F887-49F0-8CF7-E75E3B88EFCD}.Release|Any CPU.Build.0 = Release|Any CPU
		{DFE8ACA6-ABAF-40E1-B7DC-659A5D57AD06}.Debug|Any CPU.ActiveCfg = Debug|Any CPU
		{DFE8ACA6-ABAF-40E1-B7DC-659A5D57AD06}.Debug|Any CPU.Build.0 = Debug|Any CPU
		{DFE8ACA6-ABAF-40E1-B7DC-659A5D57AD06}.Release|Any CPU.ActiveCfg = Release|Any CPU
		{DFE8ACA6-ABAF-40E1-B7DC-659A5D57AD06}.Release|Any CPU.Build.0 = Release|Any CPU
		{108D03DA-66B0-4CC8-8B5C-6C400B391E7D}.Debug|Any CPU.ActiveCfg = Debug|Any CPU
		{108D03DA-66B0-4CC8-8B5C-6C400B391E7D}.Debug|Any CPU.Build.0 = Debug|Any CPU
		{108D03DA-66B0-4CC8-8B5C-6C400B391E7D}.Release|Any CPU.ActiveCfg = Release|Any CPU
		{108D03DA-66B0-4CC8-8B5C-6C400B391E7D}.Release|Any CPU.Build.0 = Release|Any CPU
		{183DCC5F-4801-481B-8944-5D42D95ABB41}.Debug|Any CPU.ActiveCfg = Debug|Any CPU
		{183DCC5F-4801-481B-8944-5D42D95ABB41}.Debug|Any CPU.Build.0 = Debug|Any CPU
		{183DCC5F-4801-481B-8944-5D42D95ABB41}.Release|Any CPU.ActiveCfg = Release|Any CPU
		{183DCC5F-4801-481B-8944-5D42D95ABB41}.Release|Any CPU.Build.0 = Release|Any CPU
		{421AF974-2BF8-4FCF-B3D0-89D7D67C1A02}.Debug|Any CPU.ActiveCfg = Debug|Any CPU
		{421AF974-2BF8-4FCF-B3D0-89D7D67C1A02}.Debug|Any CPU.Build.0 = Debug|Any CPU
		{421AF974-2BF8-4FCF-B3D0-89D7D67C1A02}.Release|Any CPU.ActiveCfg = Release|Any CPU
		{421AF974-2BF8-4FCF-B3D0-89D7D67C1A02}.Release|Any CPU.Build.0 = Release|Any CPU
	EndGlobalSection
	GlobalSection(SolutionProperties) = preSolution
		HideSolutionNode = FALSE
	EndGlobalSection
	GlobalSection(NestedProjects) = preSolution
		{350C070A-1A1D-4C99-B8B8-AA3167F1CAB6} = {7E8929F3-D4CC-44DB-B702-A0204A67CA5D}
		{4E79DE04-FFEE-4856-A25E-511CA373092C} = {7E8929F3-D4CC-44DB-B702-A0204A67CA5D}
		{108D03DA-66B0-4CC8-8B5C-6C400B391E7D} = {7E8929F3-D4CC-44DB-B702-A0204A67CA5D}
		{421AF974-2BF8-4FCF-B3D0-89D7D67C1A02} = {7E8929F3-D4CC-44DB-B702-A0204A67CA5D}
		{7B5C3623-882C-4034-BD26-AA8AA58ED305} = {4C5CC4A7-589D-4ADF-B23B-35DCA39C4AF3}
		{A13A0FD3-BC8C-4B72-9E63-8713346655EF} = {4C5CC4A7-589D-4ADF-B23B-35DCA39C4AF3}
		{0037E808-C751-404A-9B85-B71A53E6B616} = {4C5CC4A7-589D-4ADF-B23B-35DCA39C4AF3}
		{8A2DD0C9-81C6-4092-9402-F19C02D40119} = {4C5CC4A7-589D-4ADF-B23B-35DCA39C4AF3}
		{9B29434A-B984-431A-9B32-FFB65878CA0D} = {0506B020-4B94-4BFD-AD55-C8EC3672CEEE}
		{65759E57-6C85-4F00-A84D-E7E369AFC7E3} = {CF95FDD1-9708-4129-8172-18E5ED019118}
		{6EDF9D83-F887-49F0-8CF7-E75E3B88EFCD} = {CF95FDD1-9708-4129-8172-18E5ED019118}
		{71890061-CDD6-4C2F-B450-190E836AD525} = {A4EEBA76-E26D-4B13-9002-2BFAFD86BBFF}
		{77FBF579-3AB7-4D64-8868-6B61D8CE34DF} = {4D3DC1E6-606D-4852-B555-491CE6923F21}
		{5130052D-03CD-4E61-B8B3-BCB774FDD6E2} = {F38175A2-4C27-456E-B317-4D95E77C4AAE}
		{DFE8ACA6-ABAF-40E1-B7DC-659A5D57AD06} = {F38175A2-4C27-456E-B317-4D95E77C4AAE}
		{1600D6BA-6CC7-4047-B7AD-A28DCD7CEE90} = {6C0E842D-2C2D-4F96-9376-9529203E8C32}
		{B36D1325-9E92-44D6-BBC6-7D0F1F3BD02C} = {6C0E842D-2C2D-4F96-9376-9529203E8C32}
		{8EF49F55-F83E-4B84-9A43-D3CFB6C449A6} = {9B0343A4-E7DF-448E-9F6C-AF4CE19BCCD1}
		{7ABE4909-BADF-4396-93BE-105DDF237EFF} = {9B0343A4-E7DF-448E-9F6C-AF4CE19BCCD1}
	EndGlobalSection
EndGlobal
